
Microsoft Visual Studio Solution File, Format Version 12.00
# Visual Studio Version 17
VisualStudioVersion = 17.4.33213.308
MinimumVisualStudioVersion = 10.0.40219.1
Project("{9A19103F-16F7-4668-BE54-9A1E7A4F7556}") = "CrudeApp", "CrudeApp\CrudeApp.csproj", "{5208F5B8-33DC-4CB8-90C7-D20A3F86D2F1}"
EndProject
Project("{FAE04EC0-301F-11D3-BF4B-00C04F79EFBC}") = "crudeApptest", "crudeApptest\crudeApptest.csproj", "{89784590-89CF-4EF0-9A1A-EC54BDDD9859}"
EndProject
Global
	GlobalSection(SolutionConfigurationPlatforms) = preSolution
		Debug|Any CPU = Debug|Any CPU
		Release|Any CPU = Release|Any CPU
	EndGlobalSection
	GlobalSection(ProjectConfigurationPlatforms) = postSolution
		{5208F5B8-33DC-4CB8-90C7-D20A3F86D2F1}.Debug|Any CPU.ActiveCfg = Debug|Any CPU
		{5208F5B8-33DC-4CB8-90C7-D20A3F86D2F1}.Debug|Any CPU.Build.0 = Debug|Any CPU
		{5208F5B8-33DC-4CB8-90C7-D20A3F86D2F1}.Release|Any CPU.ActiveCfg = Release|Any CPU
		{5208F5B8-33DC-4CB8-90C7-D20A3F86D2F1}.Release|Any CPU.Build.0 = Release|Any CPU
		{89784590-89CF-4EF0-9A1A-EC54BDDD9859}.Debug|Any CPU.ActiveCfg = Debug|Any CPU
		{89784590-89CF-4EF0-9A1A-EC54BDDD9859}.Debug|Any CPU.Build.0 = Debug|Any CPU
		{89784590-89CF-4EF0-9A1A-EC54BDDD9859}.Release|Any CPU.ActiveCfg = Release|Any CPU
		{89784590-89CF-4EF0-9A1A-EC54BDDD9859}.Release|Any CPU.Build.0 = Release|Any CPU
	EndGlobalSection
	GlobalSection(SolutionProperties) = preSolution
		HideSolutionNode = FALSE
	EndGlobalSection
	GlobalSection(ExtensibilityGlobals) = postSolution
		SolutionGuid = {51DF6610-D159-4B9F-9F50-BB6BD55A1F45}
	EndGlobalSection
EndGlobal
